
Microsoft Visual Studio Solution File, Format Version 12.00
# Visual Studio 2012
Project("{8BC9CEB8-8B4A-11D0-8D11-00A0C91BC942}") = "mota3", "mota3\mota3.vcxproj", "{233915D3-53EE-4948-B69A-24748D144FE4}"
EndProject
Global
	GlobalSection(SolutionConfigurationPlatforms) = preSolution
		Debug|Win32 = Debug|Win32
		Release|Win32 = Release|Win32
	EndGlobalSection
	GlobalSection(ProjectConfigurationPlatforms) = postSolution
		{233915D3-53EE-4948-B69A-24748D144FE4}.Debug|Win32.ActiveCfg = Debug|Win32
		{233915D3-53EE-4948-B69A-24748D144FE4}.Debug|Win32.Build.0 = Debug|Win32
		{233915D3-53EE-4948-B69A-24748D144FE4}.Release|Win32.ActiveCfg = Release|Win32
		{233915D3-53EE-4948-B69A-24748D144FE4}.Release|Win32.Build.0 = Release|Win32
	EndGlobalSection
	GlobalSection(SolutionProperties) = preSolution
		HideSolutionNode = FALSE
	EndGlobalSection
EndGlobal
